
Microsoft Visual Studio Solution File, Format Version 12.00
# Visual Studio Version 16
VisualStudioVersion = 16.0.30204.135
MinimumVisualStudioVersion = 10.0.40219.1
Project("{9A19103F-16F7-4668-BE54-9A1E7A4F7556}") = "CricBookingsWebsite", "CricBookingsWebsite\CricBookingsWebsite.csproj", "{FF45E12F-BB85-4F8C-8D8D-3101138CDAF4}"
EndProject
Project("{2150E333-8FDC-42A3-9474-1A3956D46DE8}") = "Sql Scripts", "Sql Scripts", "{5B9752ED-FB71-4EE7-A199-E95119D2D508}"
	ProjectSection(SolutionItems) = preProject
		..\..\..\Documents\CricBookings_script.sql = ..\..\..\Documents\CricBookings_script.sql
	EndProjectSection
EndProject
Global
	GlobalSection(SolutionConfigurationPlatforms) = preSolution
		Debug|Any CPU = Debug|Any CPU
		Release|Any CPU = Release|Any CPU
	EndGlobalSection
	GlobalSection(ProjectConfigurationPlatforms) = postSolution
		{FF45E12F-BB85-4F8C-8D8D-3101138CDAF4}.Debug|Any CPU.ActiveCfg = Debug|Any CPU
		{FF45E12F-BB85-4F8C-8D8D-3101138CDAF4}.Debug|Any CPU.Build.0 = Debug|Any CPU
		{FF45E12F-BB85-4F8C-8D8D-3101138CDAF4}.Release|Any CPU.ActiveCfg = Release|Any CPU
		{FF45E12F-BB85-4F8C-8D8D-3101138CDAF4}.Release|Any CPU.Build.0 = Release|Any CPU
	EndGlobalSection
	GlobalSection(SolutionProperties) = preSolution
		HideSolutionNode = FALSE
	EndGlobalSection
	GlobalSection(ExtensibilityGlobals) = postSolution
		SolutionGuid = {4A2B2090-8966-4C5E-BD17-50135ED7E7E1}
	EndGlobalSection
EndGlobal
